
Microsoft Visual Studio Solution File, Format Version 12.00
# Visual Studio 2013
VisualStudioVersion = 12.0.31101.0
MinimumVisualStudioVersion = 10.0.40219.1
Project("{FAE04EC0-301F-11D3-BF4B-00C04F79EFBC}") = "Hsking.Mobile.WinPhone", "Hsking.Mobile\Hsking.Mobile.WinPhone\Hsking.Mobile.WinPhone.csproj", "{9AE69B23-93EA-4DC8-9F36-3C2122FDC5EE}"
EndProject
Project("{FAE04EC0-301F-11D3-BF4B-00C04F79EFBC}") = "Hsking.Mobile.iOS", "Hsking.Mobile\Hsking.Mobile.iOS\Hsking.Mobile.iOS.csproj", "{7DD15CF8-1AEC-4613-99B9-6E6B800C2400}"
EndProject
Project("{FAE04EC0-301F-11D3-BF4B-00C04F79EFBC}") = "Hsking.Mobile.Droid", "Hsking.Mobile\Hsking.Mobile.Droid\Hsking.Mobile.Droid.csproj", "{A5A9EB27-E01A-42A5-B14F-088BD8B1571A}"
EndProject
Project("{D954291E-2A0B-460D-934E-DC6B0785DB48}") = "Hsking.Mobile", "Hsking.Mobile\Hsking.Mobile\Hsking.Mobile.shproj", "{5D194BAF-B3E6-403B-AAC1-4BAA81972C49}"
EndProject
Project("{FAE04EC0-301F-11D3-BF4B-00C04F79EFBC}") = "Hsking.Mobile.Api", "Hsking.Mobile.Api\Hsking.Mobile.Api.csproj", "{81843163-A878-4544-A6F5-C337B402A549}"
EndProject
Project("{FAE04EC0-301F-11D3-BF4B-00C04F79EFBC}") = "Hsking.Mobile.Api.Tests", "Hsking.Mobile.Api.Tests\Hsking.Mobile.Api.Tests.csproj", "{DAD97F61-FF45-45B3-8955-A501F040315A}"
EndProject
Project("{2150E333-8FDC-42A3-9474-1A3956D46DE8}") = "Api", "Api", "{D7C2CECB-9E9F-49A9-907F-45D093968788}"
EndProject
Global
	GlobalSection(SharedMSBuildProjectFiles) = preSolution
		Hsking.Mobile\Hsking.Mobile\Hsking.Mobile.projitems*{5d194baf-b3e6-403b-aac1-4baa81972c49}*SharedItemsImports = 13
		Hsking.Mobile\Hsking.Mobile\Hsking.Mobile.projitems*{9ae69b23-93ea-4dc8-9f36-3c2122fdc5ee}*SharedItemsImports = 4
	EndGlobalSection
	GlobalSection(SolutionConfigurationPlatforms) = preSolution
		Ad-Hoc|Any CPU = Ad-Hoc|Any CPU
		Ad-Hoc|ARM = Ad-Hoc|ARM
		Ad-Hoc|iPhone = Ad-Hoc|iPhone
		Ad-Hoc|iPhoneSimulator = Ad-Hoc|iPhoneSimulator
		Ad-Hoc|Mixed Platforms = Ad-Hoc|Mixed Platforms
		Ad-Hoc|x86 = Ad-Hoc|x86
		AppStore|Any CPU = AppStore|Any CPU
		AppStore|ARM = AppStore|ARM
		AppStore|iPhone = AppStore|iPhone
		AppStore|iPhoneSimulator = AppStore|iPhoneSimulator
		AppStore|Mixed Platforms = AppStore|Mixed Platforms
		AppStore|x86 = AppStore|x86
		Debug|Any CPU = Debug|Any CPU
		Debug|ARM = Debug|ARM
		Debug|iPhone = Debug|iPhone
		Debug|iPhoneSimulator = Debug|iPhoneSimulator
		Debug|Mixed Platforms = Debug|Mixed Platforms
		Debug|x86 = Debug|x86
		Release|Any CPU = Release|Any CPU
		Release|ARM = Release|ARM
		Release|iPhone = Release|iPhone
		Release|iPhoneSimulator = Release|iPhoneSimulator
		Release|Mixed Platforms = Release|Mixed Platforms
		Release|x86 = Release|x86
	EndGlobalSection
	GlobalSection(ProjectConfigurationPlatforms) = postSolution
		{9AE69B23-93EA-4DC8-9F36-3C2122FDC5EE}.Ad-Hoc|Any CPU.ActiveCfg = Release|Any CPU
		{9AE69B23-93EA-4DC8-9F36-3C2122FDC5EE}.Ad-Hoc|Any CPU.Build.0 = Release|Any CPU
		{9AE69B23-93EA-4DC8-9F36-3C2122FDC5EE}.Ad-Hoc|Any CPU.Deploy.0 = Release|Any CPU
		{9AE69B23-93EA-4DC8-9F36-3C2122FDC5EE}.Ad-Hoc|ARM.ActiveCfg = Release|ARM
		{9AE69B23-93EA-4DC8-9F36-3C2122FDC5EE}.Ad-Hoc|ARM.Build.0 = Release|ARM
		{9AE69B23-93EA-4DC8-9F36-3C2122FDC5EE}.Ad-Hoc|ARM.Deploy.0 = Release|ARM
		{9AE69B23-93EA-4DC8-9F36-3C2122FDC5EE}.Ad-Hoc|iPhone.ActiveCfg = Release|Any CPU
		{9AE69B23-93EA-4DC8-9F36-3C2122FDC5EE}.Ad-Hoc|iPhoneSimulator.ActiveCfg = Release|Any CPU
		{9AE69B23-93EA-4DC8-9F36-3C2122FDC5EE}.Ad-Hoc|Mixed Platforms.ActiveCfg = Release|x86
		{9AE69B23-93EA-4DC8-9F36-3C2122FDC5EE}.Ad-Hoc|Mixed Platforms.Build.0 = Release|x86
		{9AE69B23-93EA-4DC8-9F36-3C2122FDC5EE}.Ad-Hoc|Mixed Platforms.Deploy.0 = Release|x86
		{9AE69B23-93EA-4DC8-9F36-3C2122FDC5EE}.Ad-Hoc|x86.ActiveCfg = Release|x86
		{9AE69B23-93EA-4DC8-9F36-3C2122FDC5EE}.Ad-Hoc|x86.Build.0 = Release|x86
		{9AE69B23-93EA-4DC8-9F36-3C2122FDC5EE}.Ad-Hoc|x86.Deploy.0 = Release|x86
		{9AE69B23-93EA-4DC8-9F36-3C2122FDC5EE}.AppStore|Any CPU.ActiveCfg = Release|Any CPU
		{9AE69B23-93EA-4DC8-9F36-3C2122FDC5EE}.AppStore|Any CPU.Build.0 = Release|Any CPU
		{9AE69B23-93EA-4DC8-9F36-3C2122FDC5EE}.AppStore|Any CPU.Deploy.0 = Release|Any CPU
		{9AE69B23-93EA-4DC8-9F36-3C2122FDC5EE}.AppStore|ARM.ActiveCfg = Release|ARM
		{9AE69B23-93EA-4DC8-9F36-3C2122FDC5EE}.AppStore|ARM.Build.0 = Release|ARM
		{9AE69B23-93EA-4DC8-9F36-3C2122FDC5EE}.AppStore|ARM.Deploy.0 = Release|ARM
		{9AE69B23-93EA-4DC8-9F36-3C2122FDC5EE}.AppStore|iPhone.ActiveCfg = Release|Any CPU
		{9AE69B23-93EA-4DC8-9F36-3C2122FDC5EE}.AppStore|iPhoneSimulator.ActiveCfg = Release|Any CPU
		{9AE69B23-93EA-4DC8-9F36-3C2122FDC5EE}.AppStore|Mixed Platforms.ActiveCfg = Release|x86
		{9AE69B23-93EA-4DC8-9F36-3C2122FDC5EE}.AppStore|Mixed Platforms.Build.0 = Release|x86
		{9AE69B23-93EA-4DC8-9F36-3C2122FDC5EE}.AppStore|Mixed Platforms.Deploy.0 = Release|x86
		{9AE69B23-93EA-4DC8-9F36-3C2122FDC5EE}.AppStore|x86.ActiveCfg = Release|x86
		{9AE69B23-93EA-4DC8-9F36-3C2122FDC5EE}.AppStore|x86.Build.0 = Release|x86
		{9AE69B23-93EA-4DC8-9F36-3C2122FDC5EE}.AppStore|x86.Deploy.0 = Release|x86
		{9AE69B23-93EA-4DC8-9F36-3C2122FDC5EE}.Debug|Any CPU.ActiveCfg = Debug|Any CPU
		{9AE69B23-93EA-4DC8-9F36-3C2122FDC5EE}.Debug|Any CPU.Build.0 = Debug|Any CPU
		{9AE69B23-93EA-4DC8-9F36-3C2122FDC5EE}.Debug|Any CPU.Deploy.0 = Debug|Any CPU
		{9AE69B23-93EA-4DC8-9F36-3C2122FDC5EE}.Debug|ARM.ActiveCfg = Debug|ARM
		{9AE69B23-93EA-4DC8-9F36-3C2122FDC5EE}.Debug|ARM.Build.0 = Debug|ARM
		{9AE69B23-93EA-4DC8-9F36-3C2122FDC5EE}.Debug|ARM.Deploy.0 = Debug|ARM
		{9AE69B23-93EA-4DC8-9F36-3C2122FDC5EE}.Debug|iPhone.ActiveCfg = Debug|Any CPU
		{9AE69B23-93EA-4DC8-9F36-3C2122FDC5EE}.Debug|iPhoneSimulator.ActiveCfg = Debug|Any CPU
		{9AE69B23-93EA-4DC8-9F36-3C2122FDC5EE}.Debug|Mixed Platforms.ActiveCfg = Debug|ARM
		{9AE69B23-93EA-4DC8-9F36-3C2122FDC5EE}.Debug|Mixed Platforms.Build.0 = Debug|ARM
		{9AE69B23-93EA-4DC8-9F36-3C2122FDC5EE}.Debug|Mixed Platforms.Deploy.0 = Debug|ARM
		{9AE69B23-93EA-4DC8-9F36-3C2122FDC5EE}.Debug|x86.ActiveCfg = Debug|x86
		{9AE69B23-93EA-4DC8-9F36-3C2122FDC5EE}.Debug|x86.Build.0 = Debug|x86
		{9AE69B23-93EA-4DC8-9F36-3C2122FDC5EE}.Debug|x86.Deploy.0 = Debug|x86
		{9AE69B23-93EA-4DC8-9F36-3C2122FDC5EE}.Release|Any CPU.ActiveCfg = Release|Any CPU
		{9AE69B23-93EA-4DC8-9F36-3C2122FDC5EE}.Release|Any CPU.Build.0 = Release|Any CPU
		{9AE69B23-93EA-4DC8-9F36-3C2122FDC5EE}.Release|Any CPU.Deploy.0 = Release|Any CPU
		{9AE69B23-93EA-4DC8-9F36-3C2122FDC5EE}.Release|ARM.ActiveCfg = Release|ARM
		{9AE69B23-93EA-4DC8-9F36-3C2122FDC5EE}.Release|ARM.Build.0 = Release|ARM
		{9AE69B23-93EA-4DC8-9F36-3C2122FDC5EE}.Release|ARM.Deploy.0 = Release|ARM
		{9AE69B23-93EA-4DC8-9F36-3C2122FDC5EE}.Release|iPhone.ActiveCfg = Release|Any CPU
		{9AE69B23-93EA-4DC8-9F36-3C2122FDC5EE}.Release|iPhoneSimulator.ActiveCfg = Release|Any CPU
		{9AE69B23-93EA-4DC8-9F36-3C2122FDC5EE}.Release|Mixed Platforms.ActiveCfg = Release|x86
		{9AE69B23-93EA-4DC8-9F36-3C2122FDC5EE}.Release|Mixed Platforms.Build.0 = Release|x86
		{9AE69B23-93EA-4DC8-9F36-3C2122FDC5EE}.Release|Mixed Platforms.Deploy.0 = Release|x86
		{9AE69B23-93EA-4DC8-9F36-3C2122FDC5EE}.Release|x86.ActiveCfg = Release|x86
		{9AE69B23-93EA-4DC8-9F36-3C2122FDC5EE}.Release|x86.Build.0 = Release|x86
		{9AE69B23-93EA-4DC8-9F36-3C2122FDC5EE}.Release|x86.Deploy.0 = Release|x86
		{7DD15CF8-1AEC-4613-99B9-6E6B800C2400}.Ad-Hoc|Any CPU.ActiveCfg = Ad-Hoc|iPhone
		{7DD15CF8-1AEC-4613-99B9-6E6B800C2400}.Ad-Hoc|ARM.ActiveCfg = Ad-Hoc|iPhone
		{7DD15CF8-1AEC-4613-99B9-6E6B800C2400}.Ad-Hoc|iPhone.ActiveCfg = Ad-Hoc|iPhone
		{7DD15CF8-1AEC-4613-99B9-6E6B800C2400}.Ad-Hoc|iPhone.Build.0 = Ad-Hoc|iPhone
		{7DD15CF8-1AEC-4613-99B9-6E6B800C2400}.Ad-Hoc|iPhoneSimulator.ActiveCfg = Ad-Hoc|iPhoneSimulator
		{7DD15CF8-1AEC-4613-99B9-6E6B800C2400}.Ad-Hoc|iPhoneSimulator.Build.0 = Ad-Hoc|iPhoneSimulator
		{7DD15CF8-1AEC-4613-99B9-6E6B800C2400}.Ad-Hoc|Mixed Platforms.ActiveCfg = Ad-Hoc|iPhone
		{7DD15CF8-1AEC-4613-99B9-6E6B800C2400}.Ad-Hoc|Mixed Platforms.Build.0 = Ad-Hoc|iPhone
		{7DD15CF8-1AEC-4613-99B9-6E6B800C2400}.Ad-Hoc|x86.ActiveCfg = Ad-Hoc|iPhone
		{7DD15CF8-1AEC-4613-99B9-6E6B800C2400}.AppStore|Any CPU.ActiveCfg = AppStore|iPhone
		{7DD15CF8-1AEC-4613-99B9-6E6B800C2400}.AppStore|ARM.ActiveCfg = AppStore|iPhone
		{7DD15CF8-1AEC-4613-99B9-6E6B800C2400}.AppStore|iPhone.ActiveCfg = AppStore|iPhone
		{7DD15CF8-1AEC-4613-99B9-6E6B800C2400}.AppStore|iPhone.Build.0 = AppStore|iPhone
		{7DD15CF8-1AEC-4613-99B9-6E6B800C2400}.AppStore|iPhoneSimulator.ActiveCfg = AppStore|iPhoneSimulator
		{7DD15CF8-1AEC-4613-99B9-6E6B800C2400}.AppStore|iPhoneSimulator.Build.0 = AppStore|iPhoneSimulator
		{7DD15CF8-1AEC-4613-99B9-6E6B800C2400}.AppStore|Mixed Platforms.ActiveCfg = AppStore|iPhone
		{7DD15CF8-1AEC-4613-99B9-6E6B800C2400}.AppStore|Mixed Platforms.Build.0 = AppStore|iPhone
		{7DD15CF8-1AEC-4613-99B9-6E6B800C2400}.AppStore|x86.ActiveCfg = AppStore|iPhone
		{7DD15CF8-1AEC-4613-99B9-6E6B800C2400}.Debug|Any CPU.ActiveCfg = Debug|iPhone
		{7DD15CF8-1AEC-4613-99B9-6E6B800C2400}.Debug|ARM.ActiveCfg = Debug|iPhone
		{7DD15CF8-1AEC-4613-99B9-6E6B800C2400}.Debug|iPhone.ActiveCfg = Debug|iPhone
		{7DD15CF8-1AEC-4613-99B9-6E6B800C2400}.Debug|iPhone.Build.0 = Debug|iPhone
		{7DD15CF8-1AEC-4613-99B9-6E6B800C2400}.Debug|iPhoneSimulator.ActiveCfg = Debug|iPhoneSimulator
		{7DD15CF8-1AEC-4613-99B9-6E6B800C2400}.Debug|iPhoneSimulator.Build.0 = Debug|iPhoneSimulator
		{7DD15CF8-1AEC-4613-99B9-6E6B800C2400}.Debug|Mixed Platforms.ActiveCfg = Debug|iPhone
		{7DD15CF8-1AEC-4613-99B9-6E6B800C2400}.Debug|Mixed Platforms.Build.0 = Debug|iPhone
		{7DD15CF8-1AEC-4613-99B9-6E6B800C2400}.Debug|x86.ActiveCfg = Debug|iPhone
		{7DD15CF8-1AEC-4613-99B9-6E6B800C2400}.Release|Any CPU.ActiveCfg = Release|iPhone
		{7DD15CF8-1AEC-4613-99B9-6E6B800C2400}.Release|ARM.ActiveCfg = Release|iPhone
		{7DD15CF8-1AEC-4613-99B9-6E6B800C2400}.Release|iPhone.ActiveCfg = Release|iPhone
		{7DD15CF8-1AEC-4613-99B9-6E6B800C2400}.Release|iPhone.Build.0 = Release|iPhone
		{7DD15CF8-1AEC-4613-99B9-6E6B800C2400}.Release|iPhoneSimulator.ActiveCfg = Release|iPhoneSimulator
		{7DD15CF8-1AEC-4613-99B9-6E6B800C2400}.Release|iPhoneSimulator.Build.0 = Release|iPhoneSimulator
		{7DD15CF8-1AEC-4613-99B9-6E6B800C2400}.Release|Mixed Platforms.ActiveCfg = Release|iPhone
		{7DD15CF8-1AEC-4613-99B9-6E6B800C2400}.Release|Mixed Platforms.Build.0 = Release|iPhone
		{7DD15CF8-1AEC-4613-99B9-6E6B800C2400}.Release|x86.ActiveCfg = Release|iPhone
		{A5A9EB27-E01A-42A5-B14F-088BD8B1571A}.Ad-Hoc|Any CPU.ActiveCfg = Release|Any CPU
		{A5A9EB27-E01A-42A5-B14F-088BD8B1571A}.Ad-Hoc|Any CPU.Build.0 = Release|Any CPU
		{A5A9EB27-E01A-42A5-B14F-088BD8B1571A}.Ad-Hoc|Any CPU.Deploy.0 = Release|Any CPU
		{A5A9EB27-E01A-42A5-B14F-088BD8B1571A}.Ad-Hoc|ARM.ActiveCfg = Release|Any CPU
		{A5A9EB27-E01A-42A5-B14F-088BD8B1571A}.Ad-Hoc|iPhone.ActiveCfg = Release|Any CPU
		{A5A9EB27-E01A-42A5-B14F-088BD8B1571A}.Ad-Hoc|iPhoneSimulator.ActiveCfg = Release|Any CPU
		{A5A9EB27-E01A-42A5-B14F-088BD8B1571A}.Ad-Hoc|Mixed Platforms.ActiveCfg = Release|Any CPU
		{A5A9EB27-E01A-42A5-B14F-088BD8B1571A}.Ad-Hoc|Mixed Platforms.Build.0 = Release|Any CPU
		{A5A9EB27-E01A-42A5-B14F-088BD8B1571A}.Ad-Hoc|Mixed Platforms.Deploy.0 = Release|Any CPU
		{A5A9EB27-E01A-42A5-B14F-088BD8B1571A}.Ad-Hoc|x86.ActiveCfg = Release|Any CPU
		{A5A9EB27-E01A-42A5-B14F-088BD8B1571A}.AppStore|Any CPU.ActiveCfg = Release|Any CPU
		{A5A9EB27-E01A-42A5-B14F-088BD8B1571A}.AppStore|Any CPU.Build.0 = Release|Any CPU
		{A5A9EB27-E01A-42A5-B14F-088BD8B1571A}.AppStore|Any CPU.Deploy.0 = Release|Any CPU
		{A5A9EB27-E01A-42A5-B14F-088BD8B1571A}.AppStore|ARM.ActiveCfg = Release|Any CPU
		{A5A9EB27-E01A-42A5-B14F-088BD8B1571A}.AppStore|iPhone.ActiveCfg = Release|Any CPU
		{A5A9EB27-E01A-42A5-B14F-088BD8B1571A}.AppStore|iPhoneSimulator.ActiveCfg = Release|Any CPU
		{A5A9EB27-E01A-42A5-B14F-088BD8B1571A}.AppStore|Mixed Platforms.ActiveCfg = Release|Any CPU
		{A5A9EB27-E01A-42A5-B14F-088BD8B1571A}.AppStore|Mixed Platforms.Build.0 = Release|Any CPU
		{A5A9EB27-E01A-42A5-B14F-088BD8B1571A}.AppStore|Mixed Platforms.Deploy.0 = Release|Any CPU
		{A5A9EB27-E01A-42A5-B14F-088BD8B1571A}.AppStore|x86.ActiveCfg = Release|Any CPU
		{A5A9EB27-E01A-42A5-B14F-088BD8B1571A}.Debug|Any CPU.ActiveCfg = Debug|Any CPU
		{A5A9EB27-E01A-42A5-B14F-088BD8B1571A}.Debug|Any CPU.Build.0 = Debug|Any CPU
		{A5A9EB27-E01A-42A5-B14F-088BD8B1571A}.Debug|Any CPU.Deploy.0 = Debug|Any CPU
		{A5A9EB27-E01A-42A5-B14F-088BD8B1571A}.Debug|ARM.ActiveCfg = Debug|Any CPU
		{A5A9EB27-E01A-42A5-B14F-088BD8B1571A}.Debug|iPhone.ActiveCfg = Debug|Any CPU
		{A5A9EB27-E01A-42A5-B14F-088BD8B1571A}.Debug|iPhoneSimulator.ActiveCfg = Debug|Any CPU
		{A5A9EB27-E01A-42A5-B14F-088BD8B1571A}.Debug|Mixed Platforms.ActiveCfg = Debug|Any CPU
		{A5A9EB27-E01A-42A5-B14F-088BD8B1571A}.Debug|Mixed Platforms.Build.0 = Debug|Any CPU
		{A5A9EB27-E01A-42A5-B14F-088BD8B1571A}.Debug|Mixed Platforms.Deploy.0 = Debug|Any CPU
		{A5A9EB27-E01A-42A5-B14F-088BD8B1571A}.Debug|x86.ActiveCfg = Debug|Any CPU
		{A5A9EB27-E01A-42A5-B14F-088BD8B1571A}.Release|Any CPU.ActiveCfg = Release|Any CPU
		{A5A9EB27-E01A-42A5-B14F-088BD8B1571A}.Release|Any CPU.Build.0 = Release|Any CPU
		{A5A9EB27-E01A-42A5-B14F-088BD8B1571A}.Release|Any CPU.Deploy.0 = Release|Any CPU
		{A5A9EB27-E01A-42A5-B14F-088BD8B1571A}.Release|ARM.ActiveCfg = Release|Any CPU
		{A5A9EB27-E01A-42A5-B14F-088BD8B1571A}.Release|iPhone.ActiveCfg = Release|Any CPU
		{A5A9EB27-E01A-42A5-B14F-088BD8B1571A}.Release|iPhoneSimulator.ActiveCfg = Release|Any CPU
		{A5A9EB27-E01A-42A5-B14F-088BD8B1571A}.Release|Mixed Platforms.ActiveCfg = Release|Any CPU
		{A5A9EB27-E01A-42A5-B14F-088BD8B1571A}.Release|Mixed Platforms.Build.0 = Release|Any CPU
		{A5A9EB27-E01A-42A5-B14F-088BD8B1571A}.Release|Mixed Platforms.Deploy.0 = Release|Any CPU
		{A5A9EB27-E01A-42A5-B14F-088BD8B1571A}.Release|x86.ActiveCfg = Release|Any CPU
		{81843163-A878-4544-A6F5-C337B402A549}.Ad-Hoc|Any CPU.ActiveCfg = Release|Any CPU
		{81843163-A878-4544-A6F5-C337B402A549}.Ad-Hoc|Any CPU.Build.0 = Release|Any CPU
		{81843163-A878-4544-A6F5-C337B402A549}.Ad-Hoc|ARM.ActiveCfg = Release|Any CPU
		{81843163-A878-4544-A6F5-C337B402A549}.Ad-Hoc|iPhone.ActiveCfg = Release|Any CPU
		{81843163-A878-4544-A6F5-C337B402A549}.Ad-Hoc|iPhoneSimulator.ActiveCfg = Release|Any CPU
		{81843163-A878-4544-A6F5-C337B402A549}.Ad-Hoc|Mixed Platforms.ActiveCfg = Release|Any CPU
		{81843163-A878-4544-A6F5-C337B402A549}.Ad-Hoc|Mixed Platforms.Build.0 = Release|Any CPU
		{81843163-A878-4544-A6F5-C337B402A549}.Ad-Hoc|x86.ActiveCfg = Release|Any CPU
		{81843163-A878-4544-A6F5-C337B402A549}.AppStore|Any CPU.ActiveCfg = Release|Any CPU
		{81843163-A878-4544-A6F5-C337B402A549}.AppStore|Any CPU.Build.0 = Release|Any CPU
		{81843163-A878-4544-A6F5-C337B402A549}.AppStore|ARM.ActiveCfg = Release|Any CPU
		{81843163-A878-4544-A6F5-C337B402A549}.AppStore|iPhone.ActiveCfg = Release|Any CPU
		{81843163-A878-4544-A6F5-C337B402A549}.AppStore|iPhoneSimulator.ActiveCfg = Release|Any CPU
		{81843163-A878-4544-A6F5-C337B402A549}.AppStore|Mixed Platforms.ActiveCfg = Release|Any CPU
		{81843163-A878-4544-A6F5-C337B402A549}.AppStore|Mixed Platforms.Build.0 = Release|Any CPU
		{81843163-A878-4544-A6F5-C337B402A549}.AppStore|x86.ActiveCfg = Release|Any CPU
		{81843163-A878-4544-A6F5-C337B402A549}.Debug|Any CPU.ActiveCfg = Debug|Any CPU
		{81843163-A878-4544-A6F5-C337B402A549}.Debug|Any CPU.Build.0 = Debug|Any CPU
		{81843163-A878-4544-A6F5-C337B402A549}.Debug|ARM.ActiveCfg = Debug|Any CPU
		{81843163-A878-4544-A6F5-C337B402A549}.Debug|iPhone.ActiveCfg = Debug|Any CPU
		{81843163-A878-4544-A6F5-C337B402A549}.Debug|iPhoneSimulator.ActiveCfg = Debug|Any CPU
		{81843163-A878-4544-A6F5-C337B402A549}.Debug|Mixed Platforms.ActiveCfg = Debug|Any CPU
		{81843163-A878-4544-A6F5-C337B402A549}.Debug|Mixed Platforms.Build.0 = Debug|Any CPU
		{81843163-A878-4544-A6F5-C337B402A549}.Debug|x86.ActiveCfg = Debug|Any CPU
		{81843163-A878-4544-A6F5-C337B402A549}.Release|Any CPU.ActiveCfg = Release|Any CPU
		{81843163-A878-4544-A6F5-C337B402A549}.Release|Any CPU.Build.0 = Release|Any CPU
		{81843163-A878-4544-A6F5-C337B402A549}.Release|ARM.ActiveCfg = Release|Any CPU
		{81843163-A878-4544-A6F5-C337B402A549}.Release|iPhone.ActiveCfg = Release|Any CPU
		{81843163-A878-4544-A6F5-C337B402A549}.Release|iPhoneSimulator.ActiveCfg = Release|Any CPU
		{81843163-A878-4544-A6F5-C337B402A549}.Release|Mixed Platforms.ActiveCfg = Release|Any CPU
		{81843163-A878-4544-A6F5-C337B402A549}.Release|Mixed Platforms.Build.0 = Release|Any CPU
		{81843163-A878-4544-A6F5-C337B402A549}.Release|x86.ActiveCfg = Release|Any CPU
		{DAD97F61-FF45-45B3-8955-A501F040315A}.Ad-Hoc|Any CPU.ActiveCfg = Release|Any CPU
		{DAD97F61-FF45-45B3-8955-A501F040315A}.Ad-Hoc|Any CPU.Build.0 = Release|Any CPU
		{DAD97F61-FF45-45B3-8955-A501F040315A}.Ad-Hoc|ARM.ActiveCfg = Release|Any CPU
		{DAD97F61-FF45-45B3-8955-A501F040315A}.Ad-Hoc|iPhone.ActiveCfg = Release|Any CPU
		{DAD97F61-FF45-45B3-8955-A501F040315A}.Ad-Hoc|iPhoneSimulator.ActiveCfg = Release|Any CPU
		{DAD97F61-FF45-45B3-8955-A501F040315A}.Ad-Hoc|Mixed Platforms.ActiveCfg = Release|Any CPU
		{DAD97F61-FF45-45B3-8955-A501F040315A}.Ad-Hoc|Mixed Platforms.Build.0 = Release|Any CPU
		{DAD97F61-FF45-45B3-8955-A501F040315A}.Ad-Hoc|x86.ActiveCfg = Release|Any CPU
		{DAD97F61-FF45-45B3-8955-A501F040315A}.AppStore|Any CPU.ActiveCfg = Release|Any CPU
		{DAD97F61-FF45-45B3-8955-A501F040315A}.AppStore|Any CPU.Build.0 = Release|Any CPU
		{DAD97F61-FF45-45B3-8955-A501F040315A}.AppStore|ARM.ActiveCfg = Release|Any CPU
		{DAD97F61-FF45-45B3-8955-A501F040315A}.AppStore|iPhone.ActiveCfg = Release|Any CPU
		{DAD97F61-FF45-45B3-8955-A501F040315A}.AppStore|iPhoneSimulator.ActiveCfg = Release|Any CPU
		{DAD97F61-FF45-45B3-8955-A501F040315A}.AppStore|Mixed Platforms.ActiveCfg = Release|Any CPU
		{DAD97F61-FF45-45B3-8955-A501F040315A}.AppStore|Mixed Platforms.Build.0 = Release|Any CPU
		{DAD97F61-FF45-45B3-8955-A501F040315A}.AppStore|x86.ActiveCfg = Release|Any CPU
		{DAD97F61-FF45-45B3-8955-A501F040315A}.Debug|Any CPU.ActiveCfg = Debug|Any CPU
		{DAD97F61-FF45-45B3-8955-A501F040315A}.Debug|Any CPU.Build.0 = Debug|Any CPU
		{DAD97F61-FF45-45B3-8955-A501F040315A}.Debug|ARM.ActiveCfg = Debug|Any CPU
		{DAD97F61-FF45-45B3-8955-A501F040315A}.Debug|iPhone.ActiveCfg = Debug|Any CPU
		{DAD97F61-FF45-45B3-8955-A501F040315A}.Debug|iPhoneSimulator.ActiveCfg = Debug|Any CPU
		{DAD97F61-FF45-45B3-8955-A501F040315A}.Debug|Mixed Platforms.ActiveCfg = Debug|Any CPU
		{DAD97F61-FF45-45B3-8955-A501F040315A}.Debug|Mixed Platforms.Build.0 = Debug|Any CPU
		{DAD97F61-FF45-45B3-8955-A501F040315A}.Debug|x86.ActiveCfg = Debug|Any CPU
		{DAD97F61-FF45-45B3-8955-A501F040315A}.Release|Any CPU.ActiveCfg = Release|Any CPU
		{DAD97F61-FF45-45B3-8955-A501F040315A}.Release|Any CPU.Build.0 = Release|Any CPU
		{DAD97F61-FF45-45B3-8955-A501F040315A}.Release|ARM.ActiveCfg = Release|Any CPU
		{DAD97F61-FF45-45B3-8955-A501F040315A}.Release|iPhone.ActiveCfg = Release|Any CPU
		{DAD97F61-FF45-45B3-8955-A501F040315A}.Release|iPhoneSimulator.ActiveCfg = Release|Any CPU
		{DAD97F61-FF45-45B3-8955-A501F040315A}.Release|Mixed Platforms.ActiveCfg = Release|Any CPU
		{DAD97F61-FF45-45B3-8955-A501F040315A}.Release|Mixed Platforms.Build.0 = Release|Any CPU
		{DAD97F61-FF45-45B3-8955-A501F040315A}.Release|x86.ActiveCfg = Release|Any CPU
	EndGlobalSection
	GlobalSection(SolutionProperties) = preSolution
		HideSolutionNode = FALSE
	EndGlobalSection
	GlobalSection(NestedProjects) = preSolution
		{81843163-A878-4544-A6F5-C337B402A549} = {D7C2CECB-9E9F-49A9-907F-45D093968788}
		{DAD97F61-FF45-45B3-8955-A501F040315A} = {D7C2CECB-9E9F-49A9-907F-45D093968788}
	EndGlobalSection
EndGlobal
